// !$*UTF8*$!
{
	archiveVersion = 1;
	classes = {
	};
	objectVersion = 46;
	objects = {

/* Begin PBXBuildFile section */
		84F910AD1D111A7900FCB685 /* main.m in Sources */ = {isa = PBXBuildFile; fileRef = 84F910AC1D111A7900FCB685 /* main.m */; };
		84F910B01D111A7900FCB685 /* AppDelegate.m in Sources */ = {isa = PBXBuildFile; fileRef = 84F910AF1D111A7900FCB685 /* AppDelegate.m */; };
		84F910BB1D111A7900FCB685 /* Assets.xcassets in Resources */ = {isa = PBXBuildFile; fileRef = 84F910BA1D111A7900FCB685 /* Assets.xcassets */; };
		84F910BE1D111A7900FCB685 /* LaunchScreen.storyboard in Resources */ = {isa = PBXBuildFile; fileRef = 84F910BC1D111A7900FCB685 /* LaunchScreen.storyboard */; };
		84F910C71D111BE000FCB685 /* MyTabBarController.m in Sources */ = {isa = PBXBuildFile; fileRef = 84F910C61D111BE000FCB685 /* MyTabBarController.m */; };
		84F910CA1D111D6C00FCB685 /* FirstViewController.m in Sources */ = {isa = PBXBuildFile; fileRef = 84F910C91D111D6C00FCB685 /* FirstViewController.m */; };
		84F910CD1D111D7800FCB685 /* SecondViewController.m in Sources */ = {isa = PBXBuildFile; fileRef = 84F910CC1D111D7800FCB685 /* SecondViewController.m */; };
		84F910D01D111FB600FCB685 /* ThirdViewController.m in Sources */ = {isa = PBXBuildFile; fileRef = 84F910CF1D111FB600FCB685 /* ThirdViewController.m */; };
/* End PBXBuildFile section */

/* Begin PBXFileReference section */
		84F910A81D111A7900FCB685 /* 控制器跳转.app */ = {isa = PBXFileReference; explicitFileType = wrapper.application; includeInIndex = 0; path = "控制器跳转.app"; sourceTree = BUILT_PRODUCTS_DIR; };
		84F910AC1D111A7900FCB685 /* main.m */ = {isa = PBXFileReference; lastKnownFileType = sourcecode.c.objc; path = main.m; sourceTree = "<group>"; };
		84F910AE1D111A7900FCB685 /* AppDelegate.h */ = {isa = PBXFileReference; lastKnownFileType = sourcecode.c.h; path = AppDelegate.h; sourceTree = "<group>"; };
		84F910AF1D111A7900FCB685 /* AppDelegate.m */ = {isa = PBXFileReference; lastKnownFileType = sourcecode.c.objc; path = AppDelegate.m; sourceTree = "<group>"; };
		84F910BA1D111A7900FCB685 /* Assets.xcassets */ = {isa = PBXFileReference; lastKnownFileType = folder.assetcatalog; path = Assets.xcassets; sourceTree = "<group>"; };
		84F910BD1D111A7900FCB685 /* Base */ = {isa = PBXFileReference; lastKnownFileType = file.storyboard; name = Base; path = Base.lproj/LaunchScreen.storyboard; sourceTree = "<group>"; };
		84F910BF1D111A7900FCB685 /* Info.plist */ = {isa = PBXFileReference; lastKnownFileType = text.plist.xml; path = Info.plist; sourceTree = "<group>"; };
		84F910C51D111BE000FCB685 /* MyTabBarController.h */ = {isa = PBXFileReference; fileEncoding = 4; lastKnownFileType = sourcecode.c.h; path = MyTabBarController.h; sourceTree = "<group>"; };
		84F910C61D111BE000FCB685 /* MyTabBarController.m */ = {isa = PBXFileReference; fileEncoding = 4; lastKnownFileType = sourcecode.c.objc; path = MyTabBarController.m; sourceTree = "<group>"; };
		84F910C81D111D6C00FCB685 /* FirstViewController.h */ = {isa = PBXFileReference; fileEncoding = 4; lastKnownFileType = sourcecode.c.h; path = FirstViewController.h; sourceTree = "<group>"; };
		84F910C91D111D6C00FCB685 /* FirstViewController.m */ = {isa = PBXFileReference; fileEncoding = 4; lastKnownFileType = sourcecode.c.objc; path = FirstViewController.m; sourceTree = "<group>"; };
		84F910CB1D111D7800FCB685 /* SecondViewController.h */ = {isa = PBXFileReference; fileEncoding = 4; lastKnownFileType = sourcecode.c.h; path = SecondViewController.h; sourceTree = "<group>"; };
		84F910CC1D111D7800FCB685 /* SecondViewController.m */ = {isa = PBXFileReference; fileEncoding = 4; lastKnownFileType = sourcecode.c.objc; path = SecondViewController.m; sourceTree = "<group>"; };
		84F910CE1D111FB600FCB685 /* ThirdViewController.h */ = {isa = PBXFileReference; fileEncoding = 4; lastKnownFileType = sourcecode.c.h; path = ThirdViewController.h; sourceTree = "<group>"; };
		84F910CF1D111FB600FCB685 /* ThirdViewController.m */ = {isa = PBXFileReference; fileEncoding = 4; lastKnownFileType = sourcecode.c.objc; path = ThirdViewController.m; sourceTree = "<group>"; };
/* End PBXFileReference section */

/* Begin PBXFrameworksBuildPhase section */
		84F910A51D111A7900FCB685 /* Frameworks */ = {
			isa = PBXFrameworksBuildPhase;
			buildActionMask = 2147483647;
			files = (
			);
			runOnlyForDeploymentPostprocessing = 0;
		};
/* End PBXFrameworksBuildPhase section */

/* Begin PBXGroup section */
		84F9109F1D111A7900FCB685 = {
			isa = PBXGroup;
			children = (
				84F910AA1D111A7900FCB685 /* 控制器跳转 */,
				84F910A91D111A7900FCB685 /* Products */,
			);
			sourceTree = "<group>";
		};
		84F910A91D111A7900FCB685 /* Products */ = {
			isa = PBXGroup;
			children = (
				84F910A81D111A7900FCB685 /* 控制器跳转.app */,
			);
			name = Products;
			sourceTree = "<group>";
		};
		84F910AA1D111A7900FCB685 /* 控制器跳转 */ = {
			isa = PBXGroup;
			children = (
				84F910AE1D111A7900FCB685 /* AppDelegate.h */,
				84F910AF1D111A7900FCB685 /* AppDelegate.m */,
				84F910C51D111BE000FCB685 /* MyTabBarController.h */,
				84F910C61D111BE000FCB685 /* MyTabBarController.m */,
				84F910C81D111D6C00FCB685 /* FirstViewController.h */,
				84F910C91D111D6C00FCB685 /* FirstViewController.m */,
				84F910CB1D111D7800FCB685 /* SecondViewController.h */,
				84F910CC1D111D7800FCB685 /* SecondViewController.m */,
				84F910CE1D111FB600FCB685 /* ThirdViewController.h */,
				84F910CF1D111FB600FCB685 /* ThirdViewController.m */,
				84F910BA1D111A7900FCB685 /* Assets.xcassets */,
				84F910BC1D111A7900FCB685 /* LaunchScreen.storyboard */,
				84F910BF1D111A7900FCB685 /* Info.plist */,
				84F910AB1D111A7900FCB685 /* Supporting Files */,
			);
			path = "控制器跳转";
			sourceTree = "<group>";
		};
		84F910AB1D111A7900FCB685 /* Supporting Files */ = {
			isa = PBXGroup;
			children = (
				84F910AC1D111A7900FCB685 /* main.m */,
			);
			name = "Supporting Files";
			sourceTree = "<group>";
		};
/* End PBXGroup section */

/* Begin PBXNativeTarget section */
		84F910A71D111A7900FCB685 /* 控制器跳转 */ = {
			isa = PBXNativeTarget;
			buildConfigurationList = 84F910C21D111A7900FCB685 /* Build configuration list for PBXNativeTarget "控制器跳转" */;
			buildPhases = (
				84F910A41D111A7900FCB685 /* Sources */,
				84F910A51D111A7900FCB685 /* Frameworks */,
				84F910A61D111A7900FCB685 /* Resources */,
			);
			buildRules = (
			);
			dependencies = (
			);
			name = "控制器跳转";
			productName = "控制器跳转";
			productReference = 84F910A81D111A7900FCB685 /* 控制器跳转.app */;
			productType = "com.apple.product-type.application";
		};
/* End PBXNativeTarget section */

/* Begin PBXProject section */
		84F910A01D111A7900FCB685 /* Project object */ = {
			isa = PBXProject;
			attributes = {
				LastUpgradeCheck = 0720;
				ORGANIZATIONNAME = KuaiYouJia;
				TargetAttributes = {
					84F910A71D111A7900FCB685 = {
						CreatedOnToolsVersion = 7.2;
					};
				};
			};
			buildConfigurationList = 84F910A31D111A7900FCB685 /* Build configuration list for PBXProject "控制器跳转" */;
			compatibilityVersion = "Xcode 3.2";
			developmentRegion = English;
			hasScannedForEncodings = 0;
			knownRegions = (
				en,
				Base,
			);
			mainGroup = 84F9109F1D111A7900FCB685;
			productRefGroup = 84F910A91D111A7900FCB685 /* Products */;
			projectDirPath = "";
			projectRoot = "";
			targets = (
				84F910A71D111A7900FCB685 /* 控制器跳转 */,
			);
		};
/* End PBXProject section */

/* Begin PBXResourcesBuildPhase section */
		84F910A61D111A7900FCB685 /* Resources */ = {
			isa = PBXResourcesBuildPhase;
			buildActionMask = 2147483647;
			files = (
				84F910BE1D111A7900FCB685 /* LaunchScreen.storyboard in Resources */,
				84F910BB1D111A7900FCB685 /* Assets.xcassets in Resources */,
			);
			runOnlyForDeploymentPostprocessing = 0;
		};
/* End PBXResourcesBuildPhase section */

/* Begin PBXSourcesBuildPhase section */
		84F910A41D111A7900FCB685 /* Sources */ = {
			isa = PBXSourcesBuildPhase;
			buildActionMask = 2147483647;
			files = (
				84F910CD1D111D7800FCB685 /* SecondViewController.m in Sources */,
				84F910B01D111A7900FCB685 /* AppDelegate.m in Sources */,
				84F910D01D111FB600FCB685 /* ThirdViewController.m in Sources */,
				84F910AD1D111A7900FCB685 /* main.m in Sources */,
				84F910C71D111BE000FCB685 /* MyTabBarController.m in Sources */,
				84F910CA1D111D6C00FCB685 /* FirstViewController.m in Sources */,
			);
			runOnlyForDeploymentPostprocessing = 0;
		};
/* End PBXSourcesBuildPhase section */

/* Begin PBXVariantGroup section */
		84F910BC1D111A7900FCB685 /* LaunchScreen.storyboard */ = {
			isa = PBXVariantGroup;
			children = (
				84F910BD1D111A7900FCB685 /* Base */,
			);
			name = LaunchScreen.storyboard;
			sourceTree = "<group>";
		};
/* End PBXVariantGroup section */

/* Begin XCBuildConfiguration section */
		84F910C01D111A7900FCB685 /* Debug */ = {
			isa = XCBuildConfiguration;
			buildSettings = {
				ALWAYS_SEARCH_USER_PATHS = NO;
				CLANG_CXX_LANGUAGE_STANDARD = "gnu++0x";
				CLANG_CXX_LIBRARY = "libc++";
				CLANG_ENABLE_MODULES = YES;
				CLANG_ENABLE_OBJC_ARC = YES;
				CLANG_WARN_BOOL_CONVERSION = YES;
				CLANG_WARN_CONSTANT_CONVERSION = YES;
				CLANG_WARN_DIRECT_OBJC_ISA_USAGE = YES_ERROR;
				CLANG_WARN_EMPTY_BODY = YES;
				CLANG_WARN_ENUM_CONVERSION = YES;
				CLANG_WARN_INT_CONVERSION = YES;
				CLANG_WARN_OBJC_ROOT_CLASS = YES_ERROR;
				CLANG_WARN_UNREACHABLE_CODE = YES;
				CLANG_WARN__DUPLICATE_METHOD_MATCH = YES;
				"CODE_SIGN_IDENTITY[sdk=iphoneos*]" = "iPhone Developer";
				COPY_PHASE_STRIP = NO;
				DEBUG_INFORMATION_FORMAT = dwarf;
				ENABLE_STRICT_OBJC_MSGSEND = YES;
				ENABLE_TESTABILITY = YES;
				GCC_C_LANGUAGE_STANDARD = gnu99;
				GCC_DYNAMIC_NO_PIC = NO;
				GCC_NO_COMMON_BLOCKS = YES;
				GCC_OPTIMIZATION_LEVEL = 0;
				GCC_PREPROCESSOR_DEFINITIONS = (
					"DEBUG=1",
					"$(inherited)",
				);
				GCC_WARN_64_TO_32_BIT_CONVERSION = YES;
				GCC_WARN_ABOUT_RETURN_TYPE = YES_ERROR;
				GCC_WARN_UNDECLARED_SELECTOR = YES;
				GCC_WARN_UNINITIALIZED_AUTOS = YES_AGGRESSIVE;
				GCC_WARN_UNUSED_FUNCTION = YES;
				GCC_WARN_UNUSED_VARIABLE = YES;
				IPHONEOS_DEPLOYMENT_TARGET = 9.2;
				MTL_ENABLE_DEBUG_INFO = YES;
				ONLY_ACTIVE_ARCH = YES;
				SDKROOT = iphoneos;
			};
			name = Debug;
		};
		84F910C11D111A7900FCB685 /* Release */ = {
			isa = XCBuildConfiguration;
			buildSettings = {
				ALWAYS_SEARCH_USER_PATHS = NO;
				CLANG_CXX_LANGUAGE_STANDARD = "gnu++0x";
				CLANG_CXX_LIBRARY = "libc++";
				CLANG_ENABLE_MODULES = YES;
				CLANG_ENABLE_OBJC_ARC = YES;
				CLANG_WARN_BOOL_CONVERSION = YES;
				CLANG_WARN_CONSTANT_CONVERSION = YES;
				CLANG_WARN_DIRECT_OBJC_ISA_USAGE = YES_ERROR;
				CLANG_WARN_EMPTY_BODY = YES;
				CLANG_WARN_ENUM_CONVERSION = YES;
				CLANG_WARN_INT_CONVERSION = YES;
				CLANG_WARN_OBJC_ROOT_CLASS = YES_ERROR;
				CLANG_WARN_UNREACHABLE_CODE = YES;
				CLANG_WARN__DUPLICATE_METHOD_MATCH = YES;
				"CODE_SIGN_IDENTITY[sdk=iphoneos*]" = "iPhone Developer";
				COPY_PHASE_STRIP = NO;
				DEBUG_INFORMATION_FORMAT = "dwarf-with-dsym";
				ENABLE_NS_ASSERTIONS = NO;
				ENABLE_STRICT_OBJC_MSGSEND = YES;
				GCC_C_LANGUAGE_STANDARD = gnu99;
				GCC_NO_COMMON_BLOCKS = YES;
				GCC_WARN_64_TO_32_BIT_CONVERSION = YES;
				GCC_WARN_ABOUT_RETURN_TYPE = YES_ERROR;
				GCC_WARN_UNDECLARED_SELECTOR = YES;
				GCC_WARN_UNINITIALIZED_AUTOS = YES_AGGRESSIVE;
				GCC_WARN_UNUSED_FUNCTION = YES;
				GCC_WARN_UNUSED_VARIABLE = YES;
				IPHONEOS_DEPLOYMENT_TARGET = 9.2;
				MTL_ENABLE_DEBUG_INFO = NO;
				SDKROOT = iphoneos;
				VALIDATE_PRODUCT = YES;
			};
			name = Release;
		};
		84F910C31D111A7900FCB685 /* Debug */ = {
			isa = XCBuildConfiguration;
			buildSettings = {
				ASSETCATALOG_COMPILER_APPICON_NAME = AppIcon;
				INFOPLIST_FILE = "控制器跳转/Info.plist";
				LD_RUNPATH_SEARCH_PATHS = "$(inherited) @executable_path/Frameworks";
				PRODUCT_BUNDLE_IDENTIFIER = "com.KuaiYouJia.-----";
				PRODUCT_NAME = "$(TARGET_NAME)";
			};
			name = Debug;
		};
		84F910C41D111A7900FCB685 /* Release */ = {
			isa = XCBuildConfiguration;
			buildSettings = {
				ASSETCATALOG_COMPILER_APPICON_NAME = AppIcon;
				INFOPLIST_FILE = "控制器跳转/Info.plist";
				LD_RUNPATH_SEARCH_PATHS = "$(inherited) @executable_path/Frameworks";
				PRODUCT_BUNDLE_IDENTIFIER = "com.KuaiYouJia.-----";
				PRODUCT_NAME = "$(TARGET_NAME)";
			};
			name = Release;
		};
/* End XCBuildConfiguration section */

/* Begin XCConfigurationList section */
		84F910A31D111A7900FCB685 /* Build configuration list for PBXProject "控制器跳转" */ = {
			isa = XCConfigurationList;
			buildConfigurations = (
				84F910C01D111A7900FCB685 /* Debug */,
				84F910C11D111A7900FCB685 /* Release */,
			);
			defaultConfigurationIsVisible = 0;
			defaultConfigurationName = Release;
		};
		84F910C21D111A7900FCB685 /* Build configuration list for PBXNativeTarget "控制器跳转" */ = {
			isa = XCConfigurationList;
			buildConfigurations = (
				84F910C31D111A7900FCB685 /* Debug */,
				84F910C41D111A7900FCB685 /* Release */,
			);
			defaultConfigurationIsVisible = 0;
		};
/* End XCConfigurationList section */
	};
	rootObject = 84F910A01D111A7900FCB685 /* Project object */;
}
